
Microsoft Visual Studio Solution File, Format Version 12.00
# Visual Studio Version 16
VisualStudioVersion = 16.0.30413.136
MinimumVisualStudioVersion = 10.0.40219.1
Project("{FAE04EC0-301F-11D3-BF4B-00C04F79EFBC}") = "Zinger", "Zinger\Zinger.csproj", "{7E1893D2-CD2A-492E-9435-2B02682C4E9B}"
EndProject
Global
	GlobalSection(SolutionConfigurationPlatforms) = preSolution
		Debug|Any CPU = Debug|Any CPU
		Release|Any CPU = Release|Any CPU
	EndGlobalSection
	GlobalSection(ProjectConfigurationPlatforms) = postSolution
		{7E1893D2-CD2A-492E-9435-2B02682C4E9B}.Debug|Any CPU.ActiveCfg = Debug|Any CPU
		{7E1893D2-CD2A-492E-9435-2B02682C4E9B}.Debug|Any CPU.Build.0 = Debug|Any CPU
		{7E1893D2-CD2A-492E-9435-2B02682C4E9B}.Release|Any CPU.ActiveCfg = Release|Any CPU
		{7E1893D2-CD2A-492E-9435-2B02682C4E9B}.Release|Any CPU.Build.0 = Release|Any CPU
	EndGlobalSection
	GlobalSection(SolutionProperties) = preSolution
		HideSolutionNode = FALSE
	EndGlobalSection
	GlobalSection(ExtensibilityGlobals) = postSolution
		SolutionGuid = {38388D76-28FC-40D7-A44E-4BD1B77AB49C}
	EndGlobalSection
EndGlobal
